Microsoft Visual Studio Solution File, Format Version 12.00
# Visual Studio 2012
Project("{FAE04EC0-301F-11D3-BF4B-00C04F79EFBC}") = "Action Rpg", "Action Rpg.csproj", "{CB42A249-E42A-44EC-A2C5-A31102A7DDFF}"
EndProject
Global
	GlobalSection(SolutionConfigurationPlatforms) = preSolution
	Debug|Any CPU = Debug|Any CPU
	ExportDebug|Any CPU = ExportDebug|Any CPU
	ExportRelease|Any CPU = ExportRelease|Any CPU
	EndGlobalSection
	GlobalSection(ProjectConfigurationPlatforms) = postSolution
		{CB42A249-E42A-44EC-A2C5-A31102A7DDFF}.Debug|Any CPU.ActiveCfg = Debug|Any CPU
		{CB42A249-E42A-44EC-A2C5-A31102A7DDFF}.Debug|Any CPU.Build.0 = Debug|Any CPU
		{CB42A249-E42A-44EC-A2C5-A31102A7DDFF}.ExportDebug|Any CPU.ActiveCfg = ExportDebug|Any CPU
		{CB42A249-E42A-44EC-A2C5-A31102A7DDFF}.ExportDebug|Any CPU.Build.0 = ExportDebug|Any CPU
		{CB42A249-E42A-44EC-A2C5-A31102A7DDFF}.ExportRelease|Any CPU.ActiveCfg = ExportRelease|Any CPU
		{CB42A249-E42A-44EC-A2C5-A31102A7DDFF}.ExportRelease|Any CPU.Build.0 = ExportRelease|Any CPU
	EndGlobalSection
EndGlobal
